
Microsoft Visual Studio Solution File, Format Version 11.00
# Visual Studio 2010
Project("{FAE04EC0-301F-11D3-BF4B-00C04F79EFBC}") = "uCommerce Datatypes", "uCommerce Datatypes.csproj", "{433D139D-D417-40D7-9F31-ACA5D3D5F05F}"
EndProject
Global
	GlobalSection(SolutionConfigurationPlatforms) = preSolution
		Debug|Any CPU = Debug|Any CPU
		Release|Any CPU = Release|Any CPU
	EndGlobalSection
	GlobalSection(ProjectConfigurationPlatforms) = postSolution
		{433D139D-D417-40D7-9F31-ACA5D3D5F05F}.Debug|Any CPU.ActiveCfg = Debug|Any CPU
		{433D139D-D417-40D7-9F31-ACA5D3D5F05F}.Debug|Any CPU.Build.0 = Debug|Any CPU
		{433D139D-D417-40D7-9F31-ACA5D3D5F05F}.Release|Any CPU.ActiveCfg = Release|Any CPU
		{433D139D-D417-40D7-9F31-ACA5D3D5F05F}.Release|Any CPU.Build.0 = Release|Any CPU
	EndGlobalSection
	GlobalSection(SolutionProperties) = preSolution
		HideSolutionNode = FALSE
	EndGlobalSection
EndGlobal
